
Microsoft Visual Studio Solution File, Format Version 12.00
# Visual Studio Version 17
VisualStudioVersion = 17.1.32228.430
MinimumVisualStudioVersion = 10.0.40219.1
Project("{9A19103F-16F7-4668-BE54-9A1E7A4F7556}") = "vp_01", "vp_01\vp_01.csproj", "{E27DCB72-168C-4C44-A00A-E3BEB9EB1966}"
EndProject
Project("{8BC9CEB8-8B4A-11D0-8D11-00A0C91BC942}") = "배열과 랜덤", "배열과 랜덤\배열과 랜덤.vcxproj", "{281D14BD-B3C6-4616-A530-1B9C53EE33E4}"
EndProject
Project("{9A19103F-16F7-4668-BE54-9A1E7A4F7556}") = "12", "12\12.csproj", "{DBB0E2C7-9595-4523-A2E0-5A0F2E85A22C}"
EndProject
Project("{9A19103F-16F7-4668-BE54-9A1E7A4F7556}") = "13", "13\13.csproj", "{1648075E-E267-4085-893E-67913C1329BA}"
EndProject
Project("{9A19103F-16F7-4668-BE54-9A1E7A4F7556}") = "14", "14\14.csproj", "{DC20EB65-36C8-4C47-89A6-69A875AE17B2}"
EndProject
Project("{9A19103F-16F7-4668-BE54-9A1E7A4F7556}") = "15", "15\15.csproj", "{543DADC3-D030-4C04-9737-F53F570F9E1D}"
EndProject
Project("{FAE04EC0-301F-11D3-BF4B-00C04F79EFBC}") = "010 helloworld", "010 helloworld\010 helloworld.csproj", "{0E719D47-2437-450B-B538-C3745DAE2BF1}"
EndProject
Project("{FAE04EC0-301F-11D3-BF4B-00C04F79EFBC}") = "011_formss", "011_formss\011_formss.csproj", "{D3AB68DD-9DDA-4590-BAAF-78391E19068B}"
EndProject
Project("{9A19103F-16F7-4668-BE54-9A1E7A4F7556}") = "012_Messagebox", "012_Messagebox\012_Messagebox.csproj", "{E9FD7838-EB38-4441-80C2-C1D03E8E4529}"
EndProject
Project("{9A19103F-16F7-4668-BE54-9A1E7A4F7556}") = "131", "131\131.csproj", "{1B052AEF-DEBF-46FA-B9DC-B7047304F501}"
EndProject
Project("{FAE04EC0-301F-11D3-BF4B-00C04F79EFBC}") = "014", "014\014.csproj", "{3660BD13-AF92-4222-B7B5-DD838D1EED7C}"
EndProject
Project("{FAE04EC0-301F-11D3-BF4B-00C04F79EFBC}") = "134", "134\134.csproj", "{DFD3711B-DA09-4857-919E-610F68DF8CC5}"
EndProject
Project("{FAE04EC0-301F-11D3-BF4B-00C04F79EFBC}") = "016.radio", "016.radio\016.radio.csproj", "{2930DF03-925B-4355-B6D2-2D93AF11F9D9}"
EndProject
Project("{FAE04EC0-301F-11D3-BF4B-00C04F79EFBC}") = "017_scCal", "017_scCal\017_scCal.csproj", "{44C81D5F-9D04-415B-9432-E50C48FFE6B6}"
EndProject
Project("{FAE04EC0-301F-11D3-BF4B-00C04F79EFBC}") = "018_RGBscroll", "018_RGBscroll\018_RGBscroll.csproj", "{FED0B1DC-627B-45A1-8FAF-CD59CC5183F1}"
EndProject
Project("{FAE04EC0-301F-11D3-BF4B-00C04F79EFBC}") = "019_Listbox", "019_Listbox\019_Listbox.csproj", "{BF451F76-E275-417B-97C0-D626F233C42C}"
EndProject
Project("{FAE04EC0-301F-11D3-BF4B-00C04F79EFBC}") = "020_CB", "020_CB\020_CB.csproj", "{B271C640-358C-4313-B0D1-B9371A7948EF}"
EndProject
Project("{FAE04EC0-301F-11D3-BF4B-00C04F79EFBC}") = "021_ComboCal", "021_ComboCal\021_ComboCal.csproj", "{9B9C2AC9-EF79-4B7A-945D-31202D3CBBFE}"
EndProject
Project("{FAE04EC0-301F-11D3-BF4B-00C04F79EFBC}") = "022_Timer", "022_Timer\022_Timer.csproj", "{E5BC2719-29E2-4406-B95A-DD1A5DA3395E}"
EndProject
Project("{FAE04EC0-301F-11D3-BF4B-00C04F79EFBC}") = "023_DateTimePicker", "023_DateTimePicker\023_DateTimePicker.csproj", "{27DB4903-0F8F-4114-BBBA-DC6C296E61BB}"
EndProject
Project("{FAE04EC0-301F-11D3-BF4B-00C04F79EFBC}") = "024_WindowsMEdiaPlayer", "024_WindowsMEdiaPlayer\024_WindowsMEdiaPlayer.csproj", "{D3D452E7-9EF9-4C21-87C5-C2667BA7E8DB}"
EndProject
Project("{9A19103F-16F7-4668-BE54-9A1E7A4F7556}") = "025_WPFhello", "025_WPFhello\025_WPFhello.csproj", "{7F6490E1-7659-4CDC-9C67-17D35B91FD9E}"
EndProject
Project("{9A19103F-16F7-4668-BE54-9A1E7A4F7556}") = "026_Grid", "026_Grid\026_Grid.csproj", "{77F522BB-20C6-44EF-A31D-ED4DC5879022}"
EndProject
Project("{9A19103F-16F7-4668-BE54-9A1E7A4F7556}") = "027_StackPanel", "027_StackPanel\027_StackPanel.csproj", "{7A044D16-3FD2-4CE9-BADB-1FFA3085168E}"
EndProject
Project("{9A19103F-16F7-4668-BE54-9A1E7A4F7556}") = "028_UserControl", "028_User\028_UserControl.csproj", "{673166CE-1E43-4A1C-A478-BDBA71A37C85}"
EndProject
Project("{9A19103F-16F7-4668-BE54-9A1E7A4F7556}") = "029_UniformGrid", "029_UniformGrid\029_UniformGrid.csproj", "{41A36CCE-C083-4AA3-8B4A-CE2A96E3E525}"
EndProject
Project("{FAE04EC0-301F-11D3-BF4B-00C04F79EFBC}") = "031_WindowCalculator", "031_WindowCalculator\031_WindowCalculator.csproj", "{A7F488B4-0B5B-4582-A003-30DA49740FC1}"
EndProject
Global
	GlobalSection(SolutionConfigurationPlatforms) = preSolution
		Debug|Any CPU = Debug|Any CPU
		Debug|x64 = Debug|x64
		Debug|x86 = Debug|x86
		Release|Any CPU = Release|Any CPU
		Release|x64 = Release|x64
		Release|x86 = Release|x86
	EndGlobalSection
	GlobalSection(ProjectConfigurationPlatforms) = postSolution
		{E27DCB72-168C-4C44-A00A-E3BEB9EB1966}.Debug|Any CPU.ActiveCfg = Debug|Any CPU
		{E27DCB72-168C-4C44-A00A-E3BEB9EB1966}.Debug|Any CPU.Build.0 = Debug|Any CPU
		{E27DCB72-168C-4C44-A00A-E3BEB9EB1966}.Debug|x64.ActiveCfg = Debug|Any CPU
		{E27DCB72-168C-4C44-A00A-E3BEB9EB1966}.Debug|x64.Build.0 = Debug|Any CPU
		{E27DCB72-168C-4C44-A00A-E3BEB9EB1966}.Debug|x86.ActiveCfg = Debug|Any CPU
		{E27DCB72-168C-4C44-A00A-E3BEB9EB1966}.Debug|x86.Build.0 = Debug|Any CPU
		{E27DCB72-168C-4C44-A00A-E3BEB9EB1966}.Release|Any CPU.ActiveCfg = Release|Any CPU
		{E27DCB72-168C-4C44-A00A-E3BEB9EB1966}.Release|Any CPU.Build.0 = Release|Any CPU
		{E27DCB72-168C-4C44-A00A-E3BEB9EB1966}.Release|x64.ActiveCfg = Release|Any CPU
		{E27DCB72-168C-4C44-A00A-E3BEB9EB1966}.Release|x64.Build.0 = Release|Any CPU
		{E27DCB72-168C-4C44-A00A-E3BEB9EB1966}.Release|x86.ActiveCfg = Release|Any CPU
		{E27DCB72-168C-4C44-A00A-E3BEB9EB1966}.Release|x86.Build.0 = Release|Any CPU
		{281D14BD-B3C6-4616-A530-1B9C53EE33E4}.Debug|Any CPU.ActiveCfg = Debug|x64
		{281D14BD-B3C6-4616-A530-1B9C53EE33E4}.Debug|Any CPU.Build.0 = Debug|x64
		{281D14BD-B3C6-4616-A530-1B9C53EE33E4}.Debug|x64.ActiveCfg = Debug|x64
		{281D14BD-B3C6-4616-A530-1B9C53EE33E4}.Debug|x64.Build.0 = Debug|x64
		{281D14BD-B3C6-4616-A530-1B9C53EE33E4}.Debug|x86.ActiveCfg = Debug|Win32
		{281D14BD-B3C6-4616-A530-1B9C53EE33E4}.Debug|x86.Build.0 = Debug|Win32
		{281D14BD-B3C6-4616-A530-1B9C53EE33E4}.Release|Any CPU.ActiveCfg = Release|x64
		{281D14BD-B3C6-4616-A530-1B9C53EE33E4}.Release|Any CPU.Build.0 = Release|x64
		{281D14BD-B3C6-4616-A530-1B9C53EE33E4}.Release|x64.ActiveCfg = Release|x64
		{281D14BD-B3C6-4616-A530-1B9C53EE33E4}.Release|x64.Build.0 = Release|x64
		{281D14BD-B3C6-4616-A530-1B9C53EE33E4}.Release|x86.ActiveCfg = Release|Win32
		{281D14BD-B3C6-4616-A530-1B9C53EE33E4}.Release|x86.Build.0 = Release|Win32
		{DBB0E2C7-9595-4523-A2E0-5A0F2E85A22C}.Debug|Any CPU.ActiveCfg = Debug|Any CPU
		{DBB0E2C7-9595-4523-A2E0-5A0F2E85A22C}.Debug|Any CPU.Build.0 = Debug|Any CPU
		{DBB0E2C7-9595-4523-A2E0-5A0F2E85A22C}.Debug|x64.ActiveCfg = Debug|Any CPU
		{DBB0E2C7-9595-4523-A2E0-5A0F2E85A22C}.Debug|x64.Build.0 = Debug|Any CPU
		{DBB0E2C7-9595-4523-A2E0-5A0F2E85A22C}.Debug|x86.ActiveCfg = Debug|Any CPU
		{DBB0E2C7-9595-4523-A2E0-5A0F2E85A22C}.Debug|x86.Build.0 = Debug|Any CPU
		{DBB0E2C7-9595-4523-A2E0-5A0F2E85A22C}.Release|Any CPU.ActiveCfg = Release|Any CPU
		{DBB0E2C7-9595-4523-A2E0-5A0F2E85A22C}.Release|Any CPU.Build.0 = Release|Any CPU
		{DBB0E2C7-9595-4523-A2E0-5A0F2E85A22C}.Release|x64.ActiveCfg = Release|Any CPU
		{DBB0E2C7-9595-4523-A2E0-5A0F2E85A22C}.Release|x64.Build.0 = Release|Any CPU
		{DBB0E2C7-9595-4523-A2E0-5A0F2E85A22C}.Release|x86.ActiveCfg = Release|Any CPU
		{DBB0E2C7-9595-4523-A2E0-5A0F2E85A22C}.Release|x86.Build.0 = Release|Any CPU
		{1648075E-E267-4085-893E-67913C1329BA}.Debug|Any CPU.ActiveCfg = Debug|Any CPU
		{1648075E-E267-4085-893E-67913C1329BA}.Debug|Any CPU.Build.0 = Debug|Any CPU
		{1648075E-E267-4085-893E-67913C1329BA}.Debug|x64.ActiveCfg = Debug|Any CPU
		{1648075E-E267-4085-893E-67913C1329BA}.Debug|x64.Build.0 = Debug|Any CPU
		{1648075E-E267-4085-893E-67913C1329BA}.Debug|x86.ActiveCfg = Debug|Any CPU
		{1648075E-E267-4085-893E-67913C1329BA}.Debug|x86.Build.0 = Debug|Any CPU
		{1648075E-E267-4085-893E-67913C1329BA}.Release|Any CPU.ActiveCfg = Release|Any CPU
		{1648075E-E267-4085-893E-67913C1329BA}.Release|Any CPU.Build.0 = Release|Any CPU
		{1648075E-E267-4085-893E-67913C1329BA}.Release|x64.ActiveCfg = Release|Any CPU
		{1648075E-E267-4085-893E-67913C1329BA}.Release|x64.Build.0 = Release|Any CPU
		{1648075E-E267-4085-893E-67913C1329BA}.Release|x86.ActiveCfg = Release|Any CPU
		{1648075E-E267-4085-893E-67913C1329BA}.Release|x86.Build.0 = Release|Any CPU
		{DC20EB65-36C8-4C47-89A6-69A875AE17B2}.Debug|Any CPU.ActiveCfg = Debug|Any CPU
		{DC20EB65-36C8-4C47-89A6-69A875AE17B2}.Debug|Any CPU.Build.0 = Debug|Any CPU
		{DC20EB65-36C8-4C47-89A6-69A875AE17B2}.Debug|x64.ActiveCfg = Debug|Any CPU
		{DC20EB65-36C8-4C47-89A6-69A875AE17B2}.Debug|x64.Build.0 = Debug|Any CPU
		{DC20EB65-36C8-4C47-89A6-69A875AE17B2}.Debug|x86.ActiveCfg = Debug|Any CPU
		{DC20EB65-36C8-4C47-89A6-69A875AE17B2}.Debug|x86.Build.0 = Debug|Any CPU
		{DC20EB65-36C8-4C47-89A6-69A875AE17B2}.Release|Any CPU.ActiveCfg = Release|Any CPU
		{DC20EB65-36C8-4C47-89A6-69A875AE17B2}.Release|Any CPU.Build.0 = Release|Any CPU
		{DC20EB65-36C8-4C47-89A6-69A875AE17B2}.Release|x64.ActiveCfg = Release|Any CPU
		{DC20EB65-36C8-4C47-89A6-69A875AE17B2}.Release|x64.Build.0 = Release|Any CPU
		{DC20EB65-36C8-4C47-89A6-69A875AE17B2}.Release|x86.ActiveCfg = Release|Any CPU
		{DC20EB65-36C8-4C47-89A6-69A875AE17B2}.Release|x86.Build.0 = Release|Any CPU
		{543DADC3-D030-4C04-9737-F53F570F9E1D}.Debug|Any CPU.ActiveCfg = Debug|Any CPU
		{543DADC3-D030-4C04-9737-F53F570F9E1D}.Debug|Any CPU.Build.0 = Debug|Any CPU
		{543DADC3-D030-4C04-9737-F53F570F9E1D}.Debug|x64.ActiveCfg = Debug|Any CPU
		{543DADC3-D030-4C04-9737-F53F570F9E1D}.Debug|x64.Build.0 = Debug|Any CPU
		{543DADC3-D030-4C04-9737-F53F570F9E1D}.Debug|x86.ActiveCfg = Debug|Any CPU
		{543DADC3-D030-4C04-9737-F53F570F9E1D}.Debug|x86.Build.0 = Debug|Any CPU
		{543DADC3-D030-4C04-9737-F53F570F9E1D}.Release|Any CPU.ActiveCfg = Release|Any CPU
		{543DADC3-D030-4C04-9737-F53F570F9E1D}.Release|Any CPU.Build.0 = Release|Any CPU
		{543DADC3-D030-4C04-9737-F53F570F9E1D}.Release|x64.ActiveCfg = Release|Any CPU
		{543DADC3-D030-4C04-9737-F53F570F9E1D}.Release|x64.Build.0 = Release|Any CPU
		{543DADC3-D030-4C04-9737-F53F570F9E1D}.Release|x86.ActiveCfg = Release|Any CPU
		{543DADC3-D030-4C04-9737-F53F570F9E1D}.Release|x86.Build.0 = Release|Any CPU
		{0E719D47-2437-450B-B538-C3745DAE2BF1}.Debug|Any CPU.ActiveCfg = Debug|Any CPU
		{0E719D47-2437-450B-B538-C3745DAE2BF1}.Debug|Any CPU.Build.0 = Debug|Any CPU
		{0E719D47-2437-450B-B538-C3745DAE2BF1}.Debug|x64.ActiveCfg = Debug|Any CPU
		{0E719D47-2437-450B-B538-C3745DAE2BF1}.Debug|x64.Build.0 = Debug|Any CPU
		{0E719D47-2437-450B-B538-C3745DAE2BF1}.Debug|x86.ActiveCfg = Debug|Any CPU
		{0E719D47-2437-450B-B538-C3745DAE2BF1}.Debug|x86.Build.0 = Debug|Any CPU
		{0E719D47-2437-450B-B538-C3745DAE2BF1}.Release|Any CPU.ActiveCfg = Release|Any CPU
		{0E719D47-2437-450B-B538-C3745DAE2BF1}.Release|Any CPU.Build.0 = Release|Any CPU
		{0E719D47-2437-450B-B538-C3745DAE2BF1}.Release|x64.ActiveCfg = Release|Any CPU
		{0E719D47-2437-450B-B538-C3745DAE2BF1}.Release|x64.Build.0 = Release|Any CPU
		{0E719D47-2437-450B-B538-C3745DAE2BF1}.Release|x86.ActiveCfg = Release|Any CPU
		{0E719D47-2437-450B-B538-C3745DAE2BF1}.Release|x86.Build.0 = Release|Any CPU
		{D3AB68DD-9DDA-4590-BAAF-78391E19068B}.Debug|Any CPU.ActiveCfg = Debug|Any CPU
		{D3AB68DD-9DDA-4590-BAAF-78391E19068B}.Debug|Any CPU.Build.0 = Debug|Any CPU
		{D3AB68DD-9DDA-4590-BAAF-78391E19068B}.Debug|x64.ActiveCfg = Debug|Any CPU
		{D3AB68DD-9DDA-4590-BAAF-78391E19068B}.Debug|x64.Build.0 = Debug|Any CPU
		{D3AB68DD-9DDA-4590-BAAF-78391E19068B}.Debug|x86.ActiveCfg = Debug|Any CPU
		{D3AB68DD-9DDA-4590-BAAF-78391E19068B}.Debug|x86.Build.0 = Debug|Any CPU
		{D3AB68DD-9DDA-4590-BAAF-78391E19068B}.Release|Any CPU.ActiveCfg = Release|Any CPU
		{D3AB68DD-9DDA-4590-BAAF-78391E19068B}.Release|Any CPU.Build.0 = Release|Any CPU
		{D3AB68DD-9DDA-4590-BAAF-78391E19068B}.Release|x64.ActiveCfg = Release|Any CPU
		{D3AB68DD-9DDA-4590-BAAF-78391E19068B}.Release|x64.Build.0 = Release|Any CPU
		{D3AB68DD-9DDA-4590-BAAF-78391E19068B}.Release|x86.ActiveCfg = Release|Any CPU
		{D3AB68DD-9DDA-4590-BAAF-78391E19068B}.Release|x86.Build.0 = Release|Any CPU
		{E9FD7838-EB38-4441-80C2-C1D03E8E4529}.Debug|Any CPU.ActiveCfg = Debug|Any CPU
		{E9FD7838-EB38-4441-80C2-C1D03E8E4529}.Debug|Any CPU.Build.0 = Debug|Any CPU
		{E9FD7838-EB38-4441-80C2-C1D03E8E4529}.Debug|x64.ActiveCfg = Debug|Any CPU
		{E9FD7838-EB38-4441-80C2-C1D03E8E4529}.Debug|x64.Build.0 = Debug|Any CPU
		{E9FD7838-EB38-4441-80C2-C1D03E8E4529}.Debug|x86.ActiveCfg = Debug|Any CPU
		{E9FD7838-EB38-4441-80C2-C1D03E8E4529}.Debug|x86.Build.0 = Debug|Any CPU
		{E9FD7838-EB38-4441-80C2-C1D03E8E4529}.Release|Any CPU.ActiveCfg = Release|Any CPU
		{E9FD7838-EB38-4441-80C2-C1D03E8E4529}.Release|Any CPU.Build.0 = Release|Any CPU
		{E9FD7838-EB38-4441-80C2-C1D03E8E4529}.Release|x64.ActiveCfg = Release|Any CPU
		{E9FD7838-EB38-4441-80C2-C1D03E8E4529}.Release|x64.Build.0 = Release|Any CPU
		{E9FD7838-EB38-4441-80C2-C1D03E8E4529}.Release|x86.ActiveCfg = Release|Any CPU
		{E9FD7838-EB38-4441-80C2-C1D03E8E4529}.Release|x86.Build.0 = Release|Any CPU
		{1B052AEF-DEBF-46FA-B9DC-B7047304F501}.Debug|Any CPU.ActiveCfg = Debug|Any CPU
		{1B052AEF-DEBF-46FA-B9DC-B7047304F501}.Debug|Any CPU.Build.0 = Debug|Any CPU
		{1B052AEF-DEBF-46FA-B9DC-B7047304F501}.Debug|x64.ActiveCfg = Debug|Any CPU
		{1B052AEF-DEBF-46FA-B9DC-B7047304F501}.Debug|x64.Build.0 = Debug|Any CPU
		{1B052AEF-DEBF-46FA-B9DC-B7047304F501}.Debug|x86.ActiveCfg = Debug|Any CPU
		{1B052AEF-DEBF-46FA-B9DC-B7047304F501}.Debug|x86.Build.0 = Debug|Any CPU
		{1B052AEF-DEBF-46FA-B9DC-B7047304F501}.Release|Any CPU.ActiveCfg = Release|Any CPU
		{1B052AEF-DEBF-46FA-B9DC-B7047304F501}.Release|Any CPU.Build.0 = Release|Any CPU
		{1B052AEF-DEBF-46FA-B9DC-B7047304F501}.Release|x64.ActiveCfg = Release|Any CPU
		{1B052AEF-DEBF-46FA-B9DC-B7047304F501}.Release|x64.Build.0 = Release|Any CPU
		{1B052AEF-DEBF-46FA-B9DC-B7047304F501}.Release|x86.ActiveCfg = Release|Any CPU
		{1B052AEF-DEBF-46FA-B9DC-B7047304F501}.Release|x86.Build.0 = Release|Any CPU
		{3660BD13-AF92-4222-B7B5-DD838D1EED7C}.Debug|Any CPU.ActiveCfg = Debug|Any CPU
		{3660BD13-AF92-4222-B7B5-DD838D1EED7C}.Debug|Any CPU.Build.0 = Debug|Any CPU
		{3660BD13-AF92-4222-B7B5-DD838D1EED7C}.Debug|x64.ActiveCfg = Debug|Any CPU
		{3660BD13-AF92-4222-B7B5-DD838D1EED7C}.Debug|x64.Build.0 = Debug|Any CPU
		{3660BD13-AF92-4222-B7B5-DD838D1EED7C}.Debug|x86.ActiveCfg = Debug|Any CPU
		{3660BD13-AF92-4222-B7B5-DD838D1EED7C}.Debug|x86.Build.0 = Debug|Any CPU
		{3660BD13-AF92-4222-B7B5-DD838D1EED7C}.Release|Any CPU.ActiveCfg = Release|Any CPU
		{3660BD13-AF92-4222-B7B5-DD838D1EED7C}.Release|Any CPU.Build.0 = Release|Any CPU
		{3660BD13-AF92-4222-B7B5-DD838D1EED7C}.Release|x64.ActiveCfg = Release|Any CPU
		{3660BD13-AF92-4222-B7B5-DD838D1EED7C}.Release|x64.Build.0 = Release|Any CPU
		{3660BD13-AF92-4222-B7B5-DD838D1EED7C}.Release|x86.ActiveCfg = Release|Any CPU
		{3660BD13-AF92-4222-B7B5-DD838D1EED7C}.Release|x86.Build.0 = Release|Any CPU
		{DFD3711B-DA09-4857-919E-610F68DF8CC5}.Debug|Any CPU.ActiveCfg = Debug|Any CPU
		{DFD3711B-DA09-4857-919E-610F68DF8CC5}.Debug|Any CPU.Build.0 = Debug|Any CPU
		{DFD3711B-DA09-4857-919E-610F68DF8CC5}.Debug|x64.ActiveCfg = Debug|Any CPU
		{DFD3711B-DA09-4857-919E-610F68DF8CC5}.Debug|x64.Build.0 = Debug|Any CPU
		{DFD3711B-DA09-4857-919E-610F68DF8CC5}.Debug|x86.ActiveCfg = Debug|Any CPU
		{DFD3711B-DA09-4857-919E-610F68DF8CC5}.Debug|x86.Build.0 = Debug|Any CPU
		{DFD3711B-DA09-4857-919E-610F68DF8CC5}.Release|Any CPU.ActiveCfg = Release|Any CPU
		{DFD3711B-DA09-4857-919E-610F68DF8CC5}.Release|Any CPU.Build.0 = Release|Any CPU
		{DFD3711B-DA09-4857-919E-610F68DF8CC5}.Release|x64.ActiveCfg = Release|Any CPU
		{DFD3711B-DA09-4857-919E-610F68DF8CC5}.Release|x64.Build.0 = Release|Any CPU
		{DFD3711B-DA09-4857-919E-610F68DF8CC5}.Release|x86.ActiveCfg = Release|Any CPU
		{DFD3711B-DA09-4857-919E-610F68DF8CC5}.Release|x86.Build.0 = Release|Any CPU
		{2930DF03-925B-4355-B6D2-2D93AF11F9D9}.Debug|Any CPU.ActiveCfg = Debug|Any CPU
		{2930DF03-925B-4355-B6D2-2D93AF11F9D9}.Debug|Any CPU.Build.0 = Debug|Any CPU
		{2930DF03-925B-4355-B6D2-2D93AF11F9D9}.Debug|x64.ActiveCfg = Debug|Any CPU
		{2930DF03-925B-4355-B6D2-2D93AF11F9D9}.Debug|x64.Build.0 = Debug|Any CPU
		{2930DF03-925B-4355-B6D2-2D93AF11F9D9}.Debug|x86.ActiveCfg = Debug|Any CPU
		{2930DF03-925B-4355-B6D2-2D93AF11F9D9}.Debug|x86.Build.0 = Debug|Any CPU
		{2930DF03-925B-4355-B6D2-2D93AF11F9D9}.Release|Any CPU.ActiveCfg = Release|Any CPU
		{2930DF03-925B-4355-B6D2-2D93AF11F9D9}.Release|Any CPU.Build.0 = Release|Any CPU
		{2930DF03-925B-4355-B6D2-2D93AF11F9D9}.Release|x64.ActiveCfg = Release|Any CPU
		{2930DF03-925B-4355-B6D2-2D93AF11F9D9}.Release|x64.Build.0 = Release|Any CPU
		{2930DF03-925B-4355-B6D2-2D93AF11F9D9}.Release|x86.ActiveCfg = Release|Any CPU
		{2930DF03-925B-4355-B6D2-2D93AF11F9D9}.Release|x86.Build.0 = Release|Any CPU
		{44C81D5F-9D04-415B-9432-E50C48FFE6B6}.Debug|Any CPU.ActiveCfg = Debug|Any CPU
		{44C81D5F-9D04-415B-9432-E50C48FFE6B6}.Debug|Any CPU.Build.0 = Debug|Any CPU
		{44C81D5F-9D04-415B-9432-E50C48FFE6B6}.Debug|x64.ActiveCfg = Debug|Any CPU
		{44C81D5F-9D04-415B-9432-E50C48FFE6B6}.Debug|x64.Build.0 = Debug|Any CPU
		{44C81D5F-9D04-415B-9432-E50C48FFE6B6}.Debug|x86.ActiveCfg = Debug|Any CPU
		{44C81D5F-9D04-415B-9432-E50C48FFE6B6}.Debug|x86.Build.0 = Debug|Any CPU
		{44C81D5F-9D04-415B-9432-E50C48FFE6B6}.Release|Any CPU.ActiveCfg = Release|Any CPU
		{44C81D5F-9D04-415B-9432-E50C48FFE6B6}.Release|Any CPU.Build.0 = Release|Any CPU
		{44C81D5F-9D04-415B-9432-E50C48FFE6B6}.Release|x64.ActiveCfg = Release|Any CPU
		{44C81D5F-9D04-415B-9432-E50C48FFE6B6}.Release|x64.Build.0 = Release|Any CPU
		{44C81D5F-9D04-415B-9432-E50C48FFE6B6}.Release|x86.ActiveCfg = Release|Any CPU
		{44C81D5F-9D04-415B-9432-E50C48FFE6B6}.Release|x86.Build.0 = Release|Any CPU
		{FED0B1DC-627B-45A1-8FAF-CD59CC5183F1}.Debug|Any CPU.ActiveCfg = Debug|Any CPU
		{FED0B1DC-627B-45A1-8FAF-CD59CC5183F1}.Debug|Any CPU.Build.0 = Debug|Any CPU
		{FED0B1DC-627B-45A1-8FAF-CD59CC5183F1}.Debug|x64.ActiveCfg = Debug|Any CPU
		{FED0B1DC-627B-45A1-8FAF-CD59CC5183F1}.Debug|x64.Build.0 = Debug|Any CPU
		{FED0B1DC-627B-45A1-8FAF-CD59CC5183F1}.Debug|x86.ActiveCfg = Debug|Any CPU
		{FED0B1DC-627B-45A1-8FAF-CD59CC5183F1}.Debug|x86.Build.0 = Debug|Any CPU
		{FED0B1DC-627B-45A1-8FAF-CD59CC5183F1}.Release|Any CPU.ActiveCfg = Release|Any CPU
		{FED0B1DC-627B-45A1-8FAF-CD59CC5183F1}.Release|Any CPU.Build.0 = Release|Any CPU
		{FED0B1DC-627B-45A1-8FAF-CD59CC5183F1}.Release|x64.ActiveCfg = Release|Any CPU
		{FED0B1DC-627B-45A1-8FAF-CD59CC5183F1}.Release|x64.Build.0 = Release|Any CPU
		{FED0B1DC-627B-45A1-8FAF-CD59CC5183F1}.Release|x86.ActiveCfg = Release|Any CPU
		{FED0B1DC-627B-45A1-8FAF-CD59CC5183F1}.Release|x86.Build.0 = Release|Any CPU
		{BF451F76-E275-417B-97C0-D626F233C42C}.Debug|Any CPU.ActiveCfg = Debug|Any CPU
		{BF451F76-E275-417B-97C0-D626F233C42C}.Debug|Any CPU.Build.0 = Debug|Any CPU
		{BF451F76-E275-417B-97C0-D626F233C42C}.Debug|x64.ActiveCfg = Debug|Any CPU
		{BF451F76-E275-417B-97C0-D626F233C42C}.Debug|x64.Build.0 = Debug|Any CPU
		{BF451F76-E275-417B-97C0-D626F233C42C}.Debug|x86.ActiveCfg = Debug|Any CPU
		{BF451F76-E275-417B-97C0-D626F233C42C}.Debug|x86.Build.0 = Debug|Any CPU
		{BF451F76-E275-417B-97C0-D626F233C42C}.Release|Any CPU.ActiveCfg = Release|Any CPU
		{BF451F76-E275-417B-97C0-D626F233C42C}.Release|Any CPU.Build.0 = Release|Any CPU
		{BF451F76-E275-417B-97C0-D626F233C42C}.Release|x64.ActiveCfg = Release|Any CPU
		{BF451F76-E275-417B-97C0-D626F233C42C}.Release|x64.Build.0 = Release|Any CPU
		{BF451F76-E275-417B-97C0-D626F233C42C}.Release|x86.ActiveCfg = Release|Any CPU
		{BF451F76-E275-417B-97C0-D626F233C42C}.Release|x86.Build.0 = Release|Any CPU
		{B271C640-358C-4313-B0D1-B9371A7948EF}.Debug|Any CPU.ActiveCfg = Debug|Any CPU
		{B271C640-358C-4313-B0D1-B9371A7948EF}.Debug|Any CPU.Build.0 = Debug|Any CPU
		{B271C640-358C-4313-B0D1-B9371A7948EF}.Debug|x64.ActiveCfg = Debug|Any CPU
		{B271C640-358C-4313-B0D1-B9371A7948EF}.Debug|x64.Build.0 = Debug|Any CPU
		{B271C640-358C-4313-B0D1-B9371A7948EF}.Debug|x86.ActiveCfg = Debug|Any CPU
		{B271C640-358C-4313-B0D1-B9371A7948EF}.Debug|x86.Build.0 = Debug|Any CPU
		{B271C640-358C-4313-B0D1-B9371A7948EF}.Release|Any CPU.ActiveCfg = Release|Any CPU
		{B271C640-358C-4313-B0D1-B9371A7948EF}.Release|Any CPU.Build.0 = Release|Any CPU
		{B271C640-358C-4313-B0D1-B9371A7948EF}.Release|x64.ActiveCfg = Release|Any CPU
		{B271C640-358C-4313-B0D1-B9371A7948EF}.Release|x64.Build.0 = Release|Any CPU
		{B271C640-358C-4313-B0D1-B9371A7948EF}.Release|x86.ActiveCfg = Release|Any CPU
		{B271C640-358C-4313-B0D1-B9371A7948EF}.Release|x86.Build.0 = Release|Any CPU
		{9B9C2AC9-EF79-4B7A-945D-31202D3CBBFE}.Debug|Any CPU.ActiveCfg = Debug|Any CPU
		{9B9C2AC9-EF79-4B7A-945D-31202D3CBBFE}.Debug|Any CPU.Build.0 = Debug|Any CPU
		{9B9C2AC9-EF79-4B7A-945D-31202D3CBBFE}.Debug|x64.ActiveCfg = Debug|Any CPU
		{9B9C2AC9-EF79-4B7A-945D-31202D3CBBFE}.Debug|x64.Build.0 = Debug|Any CPU
		{9B9C2AC9-EF79-4B7A-945D-31202D3CBBFE}.Debug|x86.ActiveCfg = Debug|Any CPU
		{9B9C2AC9-EF79-4B7A-945D-31202D3CBBFE}.Debug|x86.Build.0 = Debug|Any CPU
		{9B9C2AC9-EF79-4B7A-945D-31202D3CBBFE}.Release|Any CPU.ActiveCfg = Release|Any CPU
		{9B9C2AC9-EF79-4B7A-945D-31202D3CBBFE}.Release|Any CPU.Build.0 = Release|Any CPU
		{9B9C2AC9-EF79-4B7A-945D-31202D3CBBFE}.Release|x64.ActiveCfg = Release|Any CPU
		{9B9C2AC9-EF79-4B7A-945D-31202D3CBBFE}.Release|x64.Build.0 = Release|Any CPU
		{9B9C2AC9-EF79-4B7A-945D-31202D3CBBFE}.Release|x86.ActiveCfg = Release|Any CPU
		{9B9C2AC9-EF79-4B7A-945D-31202D3CBBFE}.Release|x86.Build.0 = Release|Any CPU
		{E5BC2719-29E2-4406-B95A-DD1A5DA3395E}.Debug|Any CPU.ActiveCfg = Debug|Any CPU
		{E5BC2719-29E2-4406-B95A-DD1A5DA3395E}.Debug|Any CPU.Build.0 = Debug|Any CPU
		{E5BC2719-29E2-4406-B95A-DD1A5DA3395E}.Debug|x64.ActiveCfg = Debug|Any CPU
		{E5BC2719-29E2-4406-B95A-DD1A5DA3395E}.Debug|x64.Build.0 = Debug|Any CPU
		{E5BC2719-29E2-4406-B95A-DD1A5DA3395E}.Debug|x86.ActiveCfg = Debug|Any CPU
		{E5BC2719-29E2-4406-B95A-DD1A5DA3395E}.Debug|x86.Build.0 = Debug|Any CPU
		{E5BC2719-29E2-4406-B95A-DD1A5DA3395E}.Release|Any CPU.ActiveCfg = Release|Any CPU
		{E5BC2719-29E2-4406-B95A-DD1A5DA3395E}.Release|Any CPU.Build.0 = Release|Any CPU
		{E5BC2719-29E2-4406-B95A-DD1A5DA3395E}.Release|x64.ActiveCfg = Release|Any CPU
		{E5BC2719-29E2-4406-B95A-DD1A5DA3395E}.Release|x64.Build.0 = Release|Any CPU
		{E5BC2719-29E2-4406-B95A-DD1A5DA3395E}.Release|x86.ActiveCfg = Release|Any CPU
		{E5BC2719-29E2-4406-B95A-DD1A5DA3395E}.Release|x86.Build.0 = Release|Any CPU
		{27DB4903-0F8F-4114-BBBA-DC6C296E61BB}.Debug|Any CPU.ActiveCfg = Debug|Any CPU
		{27DB4903-0F8F-4114-BBBA-DC6C296E61BB}.Debug|Any CPU.Build.0 = Debug|Any CPU
		{27DB4903-0F8F-4114-BBBA-DC6C296E61BB}.Debug|x64.ActiveCfg = Debug|Any CPU
		{27DB4903-0F8F-4114-BBBA-DC6C296E61BB}.Debug|x64.Build.0 = Debug|Any CPU
		{27DB4903-0F8F-4114-BBBA-DC6C296E61BB}.Debug|x86.ActiveCfg = Debug|Any CPU
		{27DB4903-0F8F-4114-BBBA-DC6C296E61BB}.Debug|x86.Build.0 = Debug|Any CPU
		{27DB4903-0F8F-4114-BBBA-DC6C296E61BB}.Release|Any CPU.ActiveCfg = Release|Any CPU
		{27DB4903-0F8F-4114-BBBA-DC6C296E61BB}.Release|Any CPU.Build.0 = Release|Any CPU
		{27DB4903-0F8F-4114-BBBA-DC6C296E61BB}.Release|x64.ActiveCfg = Release|Any CPU
		{27DB4903-0F8F-4114-BBBA-DC6C296E61BB}.Release|x64.Build.0 = Release|Any CPU
		{27DB4903-0F8F-4114-BBBA-DC6C296E61BB}.Release|x86.ActiveCfg = Release|Any CPU
		{27DB4903-0F8F-4114-BBBA-DC6C296E61BB}.Release|x86.Build.0 = Release|Any CPU
		{D3D452E7-9EF9-4C21-87C5-C2667BA7E8DB}.Debug|Any CPU.ActiveCfg = Debug|Any CPU
		{D3D452E7-9EF9-4C21-87C5-C2667BA7E8DB}.Debug|Any CPU.Build.0 = Debug|Any CPU
		{D3D452E7-9EF9-4C21-87C5-C2667BA7E8DB}.Debug|x64.ActiveCfg = Debug|Any CPU
		{D3D452E7-9EF9-4C21-87C5-C2667BA7E8DB}.Debug|x64.Build.0 = Debug|Any CPU
		{D3D452E7-9EF9-4C21-87C5-C2667BA7E8DB}.Debug|x86.ActiveCfg = Debug|Any CPU
		{D3D452E7-9EF9-4C21-87C5-C2667BA7E8DB}.Debug|x86.Build.0 = Debug|Any CPU
		{D3D452E7-9EF9-4C21-87C5-C2667BA7E8DB}.Release|Any CPU.ActiveCfg = Release|Any CPU
		{D3D452E7-9EF9-4C21-87C5-C2667BA7E8DB}.Release|Any CPU.Build.0 = Release|Any CPU
		{D3D452E7-9EF9-4C21-87C5-C2667BA7E8DB}.Release|x64.ActiveCfg = Release|Any CPU
		{D3D452E7-9EF9-4C21-87C5-C2667BA7E8DB}.Release|x64.Build.0 = Release|Any CPU
		{D3D452E7-9EF9-4C21-87C5-C2667BA7E8DB}.Release|x86.ActiveCfg = Release|Any CPU
		{D3D452E7-9EF9-4C21-87C5-C2667BA7E8DB}.Release|x86.Build.0 = Release|Any CPU
		{7F6490E1-7659-4CDC-9C67-17D35B91FD9E}.Debug|Any CPU.ActiveCfg = Debug|Any CPU
		{7F6490E1-7659-4CDC-9C67-17D35B91FD9E}.Debug|Any CPU.Build.0 = Debug|Any CPU
		{7F6490E1-7659-4CDC-9C67-17D35B91FD9E}.Debug|x64.ActiveCfg = Debug|Any CPU
		{7F6490E1-7659-4CDC-9C67-17D35B91FD9E}.Debug|x64.Build.0 = Debug|Any CPU
		{7F6490E1-7659-4CDC-9C67-17D35B91FD9E}.Debug|x86.ActiveCfg = Debug|Any CPU
		{7F6490E1-7659-4CDC-9C67-17D35B91FD9E}.Debug|x86.Build.0 = Debug|Any CPU
		{7F6490E1-7659-4CDC-9C67-17D35B91FD9E}.Release|Any CPU.ActiveCfg = Release|Any CPU
		{7F6490E1-7659-4CDC-9C67-17D35B91FD9E}.Release|Any CPU.Build.0 = Release|Any CPU
		{7F6490E1-7659-4CDC-9C67-17D35B91FD9E}.Release|x64.ActiveCfg = Release|Any CPU
		{7F6490E1-7659-4CDC-9C67-17D35B91FD9E}.Release|x64.Build.0 = Release|Any CPU
		{7F6490E1-7659-4CDC-9C67-17D35B91FD9E}.Release|x86.ActiveCfg = Release|Any CPU
		{7F6490E1-7659-4CDC-9C67-17D35B91FD9E}.Release|x86.Build.0 = Release|Any CPU
		{77F522BB-20C6-44EF-A31D-ED4DC5879022}.Debug|Any CPU.ActiveCfg = Debug|Any CPU
		{77F522BB-20C6-44EF-A31D-ED4DC5879022}.Debug|Any CPU.Build.0 = Debug|Any CPU
		{77F522BB-20C6-44EF-A31D-ED4DC5879022}.Debug|x64.ActiveCfg = Debug|Any CPU
		{77F522BB-20C6-44EF-A31D-ED4DC5879022}.Debug|x64.Build.0 = Debug|Any CPU
		{77F522BB-20C6-44EF-A31D-ED4DC5879022}.Debug|x86.ActiveCfg = Debug|Any CPU
		{77F522BB-20C6-44EF-A31D-ED4DC5879022}.Debug|x86.Build.0 = Debug|Any CPU
		{77F522BB-20C6-44EF-A31D-ED4DC5879022}.Release|Any CPU.ActiveCfg = Release|Any CPU
		{77F522BB-20C6-44EF-A31D-ED4DC5879022}.Release|Any CPU.Build.0 = Release|Any CPU
		{77F522BB-20C6-44EF-A31D-ED4DC5879022}.Release|x64.ActiveCfg = Release|Any CPU
		{77F522BB-20C6-44EF-A31D-ED4DC5879022}.Release|x64.Build.0 = Release|Any CPU
		{77F522BB-20C6-44EF-A31D-ED4DC5879022}.Release|x86.ActiveCfg = Release|Any CPU
		{77F522BB-20C6-44EF-A31D-ED4DC5879022}.Release|x86.Build.0 = Release|Any CPU
		{7A044D16-3FD2-4CE9-BADB-1FFA3085168E}.Debug|Any CPU.ActiveCfg = Debug|Any CPU
		{7A044D16-3FD2-4CE9-BADB-1FFA3085168E}.Debug|Any CPU.Build.0 = Debug|Any CPU
		{7A044D16-3FD2-4CE9-BADB-1FFA3085168E}.Debug|x64.ActiveCfg = Debug|Any CPU
		{7A044D16-3FD2-4CE9-BADB-1FFA3085168E}.Debug|x64.Build.0 = Debug|Any CPU
		{7A044D16-3FD2-4CE9-BADB-1FFA3085168E}.Debug|x86.ActiveCfg = Debug|Any CPU
		{7A044D16-3FD2-4CE9-BADB-1FFA3085168E}.Debug|x86.Build.0 = Debug|Any CPU
		{7A044D16-3FD2-4CE9-BADB-1FFA3085168E}.Release|Any CPU.ActiveCfg = Release|Any CPU
		{7A044D16-3FD2-4CE9-BADB-1FFA3085168E}.Release|Any CPU.Build.0 = Release|Any CPU
		{7A044D16-3FD2-4CE9-BADB-1FFA3085168E}.Release|x64.ActiveCfg = Release|Any CPU
		{7A044D16-3FD2-4CE9-BADB-1FFA3085168E}.Release|x64.Build.0 = Release|Any CPU
		{7A044D16-3FD2-4CE9-BADB-1FFA3085168E}.Release|x86.ActiveCfg = Release|Any CPU
		{7A044D16-3FD2-4CE9-BADB-1FFA3085168E}.Release|x86.Build.0 = Release|Any CPU
		{673166CE-1E43-4A1C-A478-BDBA71A37C85}.Debug|Any CPU.ActiveCfg = Debug|Any CPU
		{673166CE-1E43-4A1C-A478-BDBA71A37C85}.Debug|Any CPU.Build.0 = Debug|Any CPU
		{673166CE-1E43-4A1C-A478-BDBA71A37C85}.Debug|x64.ActiveCfg = Debug|Any CPU
		{673166CE-1E43-4A1C-A478-BDBA71A37C85}.Debug|x64.Build.0 = Debug|Any CPU
		{673166CE-1E43-4A1C-A478-BDBA71A37C85}.Debug|x86.ActiveCfg = Debug|Any CPU
		{673166CE-1E43-4A1C-A478-BDBA71A37C85}.Debug|x86.Build.0 = Debug|Any CPU
		{673166CE-1E43-4A1C-A478-BDBA71A37C85}.Release|Any CPU.ActiveCfg = Release|Any CPU
		{673166CE-1E43-4A1C-A478-BDBA71A37C85}.Release|Any CPU.Build.0 = Release|Any CPU
		{673166CE-1E43-4A1C-A478-BDBA71A37C85}.Release|x64.ActiveCfg = Release|Any CPU
		{673166CE-1E43-4A1C-A478-BDBA71A37C85}.Release|x64.Build.0 = Release|Any CPU
		{673166CE-1E43-4A1C-A478-BDBA71A37C85}.Release|x86.ActiveCfg = Release|Any CPU
		{673166CE-1E43-4A1C-A478-BDBA71A37C85}.Release|x86.Build.0 = Release|Any CPU
		{41A36CCE-C083-4AA3-8B4A-CE2A96E3E525}.Debug|Any CPU.ActiveCfg = Debug|Any CPU
		{41A36CCE-C083-4AA3-8B4A-CE2A96E3E525}.Debug|Any CPU.Build.0 = Debug|Any CPU
		{41A36CCE-C083-4AA3-8B4A-CE2A96E3E525}.Debug|x64.ActiveCfg = Debug|Any CPU
		{41A36CCE-C083-4AA3-8B4A-CE2A96E3E525}.Debug|x64.Build.0 = Debug|Any CPU
		{41A36CCE-C083-4AA3-8B4A-CE2A96E3E525}.Debug|x86.ActiveCfg = Debug|Any CPU
		{41A36CCE-C083-4AA3-8B4A-CE2A96E3E525}.Debug|x86.Build.0 = Debug|Any CPU
		{41A36CCE-C083-4AA3-8B4A-CE2A96E3E525}.Release|Any CPU.ActiveCfg = Release|Any CPU
		{41A36CCE-C083-4AA3-8B4A-CE2A96E3E525}.Release|Any CPU.Build.0 = Release|Any CPU
		{41A36CCE-C083-4AA3-8B4A-CE2A96E3E525}.Release|x64.ActiveCfg = Release|Any CPU
		{41A36CCE-C083-4AA3-8B4A-CE2A96E3E525}.Release|x64.Build.0 = Release|Any CPU
		{41A36CCE-C083-4AA3-8B4A-CE2A96E3E525}.Release|x86.ActiveCfg = Release|Any CPU
		{41A36CCE-C083-4AA3-8B4A-CE2A96E3E525}.Release|x86.Build.0 = Release|Any CPU
		{A7F488B4-0B5B-4582-A003-30DA49740FC1}.Debug|Any CPU.ActiveCfg = Debug|Any CPU
		{A7F488B4-0B5B-4582-A003-30DA49740FC1}.Debug|Any CPU.Build.0 = Debug|Any CPU
		{A7F488B4-0B5B-4582-A003-30DA49740FC1}.Debug|x64.ActiveCfg = Debug|Any CPU
		{A7F488B4-0B5B-4582-A003-30DA49740FC1}.Debug|x64.Build.0 = Debug|Any CPU
		{A7F488B4-0B5B-4582-A003-30DA49740FC1}.Debug|x86.ActiveCfg = Debug|Any CPU
		{A7F488B4-0B5B-4582-A003-30DA49740FC1}.Debug|x86.Build.0 = Debug|Any CPU
		{A7F488B4-0B5B-4582-A003-30DA49740FC1}.Release|Any CPU.ActiveCfg = Release|Any CPU
		{A7F488B4-0B5B-4582-A003-30DA49740FC1}.Release|Any CPU.Build.0 = Release|Any CPU
		{A7F488B4-0B5B-4582-A003-30DA49740FC1}.Release|x64.ActiveCfg = Release|Any CPU
		{A7F488B4-0B5B-4582-A003-30DA49740FC1}.Release|x64.Build.0 = Release|Any CPU
		{A7F488B4-0B5B-4582-A003-30DA49740FC1}.Release|x86.ActiveCfg = Release|Any CPU
		{A7F488B4-0B5B-4582-A003-30DA49740FC1}.Release|x86.Build.0 = Release|Any CPU
	EndGlobalSection
	GlobalSection(SolutionProperties) = preSolution
		HideSolutionNode = FALSE
	EndGlobalSection
	GlobalSection(ExtensibilityGlobals) = postSolution
		SolutionGuid = {079FC405-A3CE-4B14-B4F3-73CFD6D316CB}
	EndGlobalSection
EndGlobal
